
Microsoft Visual Studio Solution File, Format Version 12.00
# Visual Studio 2013
VisualStudioVersion = 12.0.31101.0
MinimumVisualStudioVersion = 10.0.40219.1
Project("{FAE04EC0-301F-11D3-BF4B-00C04F79EFBC}") = "ForumPosts", "ForumPosts\ForumPosts.csproj", "{B0D933AD-236A-4038-B5A9-B86DB9135D6B}"
EndProject
Project("{FAE04EC0-301F-11D3-BF4B-00C04F79EFBC}") = "WebGallery", "WebGallery\WebGallery.csproj", "{60A77CB6-FF68-4234-9EEF-60015A3744BE}"
EndProject
Global
	GlobalSection(SolutionConfigurationPlatforms) = preSolution
		Debug|Any CPU = Debug|Any CPU
		Release|Any CPU = Release|Any CPU
	EndGlobalSection
	GlobalSection(ProjectConfigurationPlatforms) = postSolution
		{B0D933AD-236A-4038-B5A9-B86DB9135D6B}.Debug|Any CPU.ActiveCfg = Debug|Any CPU
		{B0D933AD-236A-4038-B5A9-B86DB9135D6B}.Debug|Any CPU.Build.0 = Debug|Any CPU
		{B0D933AD-236A-4038-B5A9-B86DB9135D6B}.Release|Any CPU.ActiveCfg = Release|Any CPU
		{B0D933AD-236A-4038-B5A9-B86DB9135D6B}.Release|Any CPU.Build.0 = Release|Any CPU
		{60A77CB6-FF68-4234-9EEF-60015A3744BE}.Debug|Any CPU.ActiveCfg = Debug|Any CPU
		{60A77CB6-FF68-4234-9EEF-60015A3744BE}.Debug|Any CPU.Build.0 = Debug|Any CPU
		{60A77CB6-FF68-4234-9EEF-60015A3744BE}.Release|Any CPU.ActiveCfg = Release|Any CPU
		{60A77CB6-FF68-4234-9EEF-60015A3744BE}.Release|Any CPU.Build.0 = Release|Any CPU
	EndGlobalSection
	GlobalSection(SolutionProperties) = preSolution
		HideSolutionNode = FALSE
	EndGlobalSection
EndGlobal
